
Microsoft Visual Studio Solution File, Format Version 12.00
# Visual Studio Version 17
VisualStudioVersion = 17.0.31903.59
MinimumVisualStudioVersion = 10.0.40219.1
Project("{2150E333-8FDC-42A3-9474-1A3956D46DE8}") = "Server", "Server", "{DAD03CFC-D5FA-AC94-41C7-9ABAB326F09E}"
EndProject
Project("{FAE04EC0-301F-11D3-BF4B-00C04F79EFBC}") = "Entities", "Server\Entities\Entities.csproj", "{24AA8301-9DFF-43FE-A059-76EE06D75E9B}"
EndProject
Project("{FAE04EC0-301F-11D3-BF4B-00C04F79EFBC}") = "RepositoryContracts", "Server\RepositoryContracts\RepositoryContracts.csproj", "{3B5E6525-D864-4E62-AE73-4278B273EB57}"
EndProject
Project("{FAE04EC0-301F-11D3-BF4B-00C04F79EFBC}") = "InMemoryRepositories", "Server\InMemoryRepositories\InMemoryRepositories.csproj", "{FBA055E0-2740-4FD4-9ACE-9B1515562085}"
EndProject
Project("{FAE04EC0-301F-11D3-BF4B-00C04F79EFBC}") = "CLI", "Server\CLI\CLI.csproj", "{363EA2F0-5C80-407B-96EF-7F6BD7897773}"
EndProject
Project("{2150E333-8FDC-42A3-9474-1A3956D46DE8}") = "Shared", "Shared", "{4F52FD11-658E-A102-6CD3-7D7C16FFA15B}"
EndProject
Project("{FAE04EC0-301F-11D3-BF4B-00C04F79EFBC}") = "ApiContracts", "Shared\ApiContracts\ApiContracts.csproj", "{55183970-D5C6-4CB9-B6CF-08B070B70B93}"
EndProject
Project("{FAE04EC0-301F-11D3-BF4B-00C04F79EFBC}") = "WebApi", "Server\WebApi\WebApi.csproj", "{C4256A09-0F16-47CE-A89F-22BAD644442F}"
EndProject
Project("{2150E333-8FDC-42A3-9474-1A3956D46DE8}") = "Client", "Client", "{2CB42F12-E813-91B3-7D11-3220E40BEF4A}"
EndProject
Project("{FAE04EC0-301F-11D3-BF4B-00C04F79EFBC}") = "BlazorClient", "Client\BlazorClient\BlazorClient.csproj", "{DA5362F6-1752-4D04-B24D-A49F86FE1A9D}"
EndProject
Global
	GlobalSection(SolutionConfigurationPlatforms) = preSolution
		Debug|Any CPU = Debug|Any CPU
		Debug|x64 = Debug|x64
		Debug|x86 = Debug|x86
		Release|Any CPU = Release|Any CPU
		Release|x64 = Release|x64
		Release|x86 = Release|x86
	EndGlobalSection
	GlobalSection(ProjectConfigurationPlatforms) = postSolution
		{24AA8301-9DFF-43FE-A059-76EE06D75E9B}.Debug|Any CPU.ActiveCfg = Debug|Any CPU
		{24AA8301-9DFF-43FE-A059-76EE06D75E9B}.Debug|Any CPU.Build.0 = Debug|Any CPU
		{24AA8301-9DFF-43FE-A059-76EE06D75E9B}.Debug|x64.ActiveCfg = Debug|Any CPU
		{24AA8301-9DFF-43FE-A059-76EE06D75E9B}.Debug|x64.Build.0 = Debug|Any CPU
		{24AA8301-9DFF-43FE-A059-76EE06D75E9B}.Debug|x86.ActiveCfg = Debug|Any CPU
		{24AA8301-9DFF-43FE-A059-76EE06D75E9B}.Debug|x86.Build.0 = Debug|Any CPU
		{24AA8301-9DFF-43FE-A059-76EE06D75E9B}.Release|Any CPU.ActiveCfg = Release|Any CPU
		{24AA8301-9DFF-43FE-A059-76EE06D75E9B}.Release|Any CPU.Build.0 = Release|Any CPU
		{24AA8301-9DFF-43FE-A059-76EE06D75E9B}.Release|x64.ActiveCfg = Release|Any CPU
		{24AA8301-9DFF-43FE-A059-76EE06D75E9B}.Release|x64.Build.0 = Release|Any CPU
		{24AA8301-9DFF-43FE-A059-76EE06D75E9B}.Release|x86.ActiveCfg = Release|Any CPU
		{24AA8301-9DFF-43FE-A059-76EE06D75E9B}.Release|x86.Build.0 = Release|Any CPU
		{3B5E6525-D864-4E62-AE73-4278B273EB57}.Debug|Any CPU.ActiveCfg = Debug|Any CPU
		{3B5E6525-D864-4E62-AE73-4278B273EB57}.Debug|Any CPU.Build.0 = Debug|Any CPU
		{3B5E6525-D864-4E62-AE73-4278B273EB57}.Debug|x64.ActiveCfg = Debug|Any CPU
		{3B5E6525-D864-4E62-AE73-4278B273EB57}.Debug|x64.Build.0 = Debug|Any CPU
		{3B5E6525-D864-4E62-AE73-4278B273EB57}.Debug|x86.ActiveCfg = Debug|Any CPU
		{3B5E6525-D864-4E62-AE73-4278B273EB57}.Debug|x86.Build.0 = Debug|Any CPU
		{3B5E6525-D864-4E62-AE73-4278B273EB57}.Release|Any CPU.ActiveCfg = Release|Any CPU
		{3B5E6525-D864-4E62-AE73-4278B273EB57}.Release|Any CPU.Build.0 = Release|Any CPU
		{3B5E6525-D864-4E62-AE73-4278B273EB57}.Release|x64.ActiveCfg = Release|Any CPU
		{3B5E6525-D864-4E62-AE73-4278B273EB57}.Release|x64.Build.0 = Release|Any CPU
		{3B5E6525-D864-4E62-AE73-4278B273EB57}.Release|x86.ActiveCfg = Release|Any CPU
		{3B5E6525-D864-4E62-AE73-4278B273EB57}.Release|x86.Build.0 = Release|Any CPU
		{FBA055E0-2740-4FD4-9ACE-9B1515562085}.Debug|Any CPU.ActiveCfg = Debug|Any CPU
		{FBA055E0-2740-4FD4-9ACE-9B1515562085}.Debug|Any CPU.Build.0 = Debug|Any CPU
		{FBA055E0-2740-4FD4-9ACE-9B1515562085}.Debug|x64.ActiveCfg = Debug|Any CPU
		{FBA055E0-2740-4FD4-9ACE-9B1515562085}.Debug|x64.Build.0 = Debug|Any CPU
		{FBA055E0-2740-4FD4-9ACE-9B1515562085}.Debug|x86.ActiveCfg = Debug|Any CPU
		{FBA055E0-2740-4FD4-9ACE-9B1515562085}.Debug|x86.Build.0 = Debug|Any CPU
		{FBA055E0-2740-4FD4-9ACE-9B1515562085}.Release|Any CPU.ActiveCfg = Release|Any CPU
		{FBA055E0-2740-4FD4-9ACE-9B1515562085}.Release|Any CPU.Build.0 = Release|Any CPU
		{FBA055E0-2740-4FD4-9ACE-9B1515562085}.Release|x64.ActiveCfg = Release|Any CPU
		{FBA055E0-2740-4FD4-9ACE-9B1515562085}.Release|x64.Build.0 = Release|Any CPU
		{FBA055E0-2740-4FD4-9ACE-9B1515562085}.Release|x86.ActiveCfg = Release|Any CPU
		{FBA055E0-2740-4FD4-9ACE-9B1515562085}.Release|x86.Build.0 = Release|Any CPU
		{363EA2F0-5C80-407B-96EF-7F6BD7897773}.Debug|Any CPU.ActiveCfg = Debug|Any CPU
		{363EA2F0-5C80-407B-96EF-7F6BD7897773}.Debug|Any CPU.Build.0 = Debug|Any CPU
		{363EA2F0-5C80-407B-96EF-7F6BD7897773}.Debug|x64.ActiveCfg = Debug|Any CPU
		{363EA2F0-5C80-407B-96EF-7F6BD7897773}.Debug|x64.Build.0 = Debug|Any CPU
		{363EA2F0-5C80-407B-96EF-7F6BD7897773}.Debug|x86.ActiveCfg = Debug|Any CPU
		{363EA2F0-5C80-407B-96EF-7F6BD7897773}.Debug|x86.Build.0 = Debug|Any CPU
		{363EA2F0-5C80-407B-96EF-7F6BD7897773}.Release|Any CPU.ActiveCfg = Release|Any CPU
		{363EA2F0-5C80-407B-96EF-7F6BD7897773}.Release|Any CPU.Build.0 = Release|Any CPU
		{363EA2F0-5C80-407B-96EF-7F6BD7897773}.Release|x64.ActiveCfg = Release|Any CPU
		{363EA2F0-5C80-407B-96EF-7F6BD7897773}.Release|x64.Build.0 = Release|Any CPU
		{363EA2F0-5C80-407B-96EF-7F6BD7897773}.Release|x86.ActiveCfg = Release|Any CPU
		{363EA2F0-5C80-407B-96EF-7F6BD7897773}.Release|x86.Build.0 = Release|Any CPU
		{55183970-D5C6-4CB9-B6CF-08B070B70B93}.Debug|Any CPU.ActiveCfg = Debug|Any CPU
		{55183970-D5C6-4CB9-B6CF-08B070B70B93}.Debug|Any CPU.Build.0 = Debug|Any CPU
		{55183970-D5C6-4CB9-B6CF-08B070B70B93}.Debug|x64.ActiveCfg = Debug|Any CPU
		{55183970-D5C6-4CB9-B6CF-08B070B70B93}.Debug|x64.Build.0 = Debug|Any CPU
		{55183970-D5C6-4CB9-B6CF-08B070B70B93}.Debug|x86.ActiveCfg = Debug|Any CPU
		{55183970-D5C6-4CB9-B6CF-08B070B70B93}.Debug|x86.Build.0 = Debug|Any CPU
		{55183970-D5C6-4CB9-B6CF-08B070B70B93}.Release|Any CPU.ActiveCfg = Release|Any CPU
		{55183970-D5C6-4CB9-B6CF-08B070B70B93}.Release|Any CPU.Build.0 = Release|Any CPU
		{55183970-D5C6-4CB9-B6CF-08B070B70B93}.Release|x64.ActiveCfg = Release|Any CPU
		{55183970-D5C6-4CB9-B6CF-08B070B70B93}.Release|x64.Build.0 = Release|Any CPU
		{55183970-D5C6-4CB9-B6CF-08B070B70B93}.Release|x86.ActiveCfg = Release|Any CPU
		{55183970-D5C6-4CB9-B6CF-08B070B70B93}.Release|x86.Build.0 = Release|Any CPU
		{C4256A09-0F16-47CE-A89F-22BAD644442F}.Debug|Any CPU.ActiveCfg = Debug|Any CPU
		{C4256A09-0F16-47CE-A89F-22BAD644442F}.Debug|Any CPU.Build.0 = Debug|Any CPU
		{C4256A09-0F16-47CE-A89F-22BAD644442F}.Debug|x64.ActiveCfg = Debug|Any CPU
		{C4256A09-0F16-47CE-A89F-22BAD644442F}.Debug|x64.Build.0 = Debug|Any CPU
		{C4256A09-0F16-47CE-A89F-22BAD644442F}.Debug|x86.ActiveCfg = Debug|Any CPU
		{C4256A09-0F16-47CE-A89F-22BAD644442F}.Debug|x86.Build.0 = Debug|Any CPU
		{C4256A09-0F16-47CE-A89F-22BAD644442F}.Release|Any CPU.ActiveCfg = Release|Any CPU
		{C4256A09-0F16-47CE-A89F-22BAD644442F}.Release|Any CPU.Build.0 = Release|Any CPU
		{C4256A09-0F16-47CE-A89F-22BAD644442F}.Release|x64.ActiveCfg = Release|Any CPU
		{C4256A09-0F16-47CE-A89F-22BAD644442F}.Release|x64.Build.0 = Release|Any CPU
		{C4256A09-0F16-47CE-A89F-22BAD644442F}.Release|x86.ActiveCfg = Release|Any CPU
		{C4256A09-0F16-47CE-A89F-22BAD644442F}.Release|x86.Build.0 = Release|Any CPU
		{DA5362F6-1752-4D04-B24D-A49F86FE1A9D}.Debug|Any CPU.ActiveCfg = Debug|Any CPU
		{DA5362F6-1752-4D04-B24D-A49F86FE1A9D}.Debug|Any CPU.Build.0 = Debug|Any CPU
		{DA5362F6-1752-4D04-B24D-A49F86FE1A9D}.Debug|x64.ActiveCfg = Debug|Any CPU
		{DA5362F6-1752-4D04-B24D-A49F86FE1A9D}.Debug|x64.Build.0 = Debug|Any CPU
		{DA5362F6-1752-4D04-B24D-A49F86FE1A9D}.Debug|x86.ActiveCfg = Debug|Any CPU
		{DA5362F6-1752-4D04-B24D-A49F86FE1A9D}.Debug|x86.Build.0 = Debug|Any CPU
		{DA5362F6-1752-4D04-B24D-A49F86FE1A9D}.Release|Any CPU.ActiveCfg = Release|Any CPU
		{DA5362F6-1752-4D04-B24D-A49F86FE1A9D}.Release|Any CPU.Build.0 = Release|Any CPU
		{DA5362F6-1752-4D04-B24D-A49F86FE1A9D}.Release|x64.ActiveCfg = Release|Any CPU
		{DA5362F6-1752-4D04-B24D-A49F86FE1A9D}.Release|x64.Build.0 = Release|Any CPU
		{DA5362F6-1752-4D04-B24D-A49F86FE1A9D}.Release|x86.ActiveCfg = Release|Any CPU
		{DA5362F6-1752-4D04-B24D-A49F86FE1A9D}.Release|x86.Build.0 = Release|Any CPU
	EndGlobalSection
	GlobalSection(SolutionProperties) = preSolution
		HideSolutionNode = FALSE
	EndGlobalSection
	GlobalSection(NestedProjects) = preSolution
		{24AA8301-9DFF-43FE-A059-76EE06D75E9B} = {DAD03CFC-D5FA-AC94-41C7-9ABAB326F09E}
		{3B5E6525-D864-4E62-AE73-4278B273EB57} = {DAD03CFC-D5FA-AC94-41C7-9ABAB326F09E}
		{FBA055E0-2740-4FD4-9ACE-9B1515562085} = {DAD03CFC-D5FA-AC94-41C7-9ABAB326F09E}
		{363EA2F0-5C80-407B-96EF-7F6BD7897773} = {DAD03CFC-D5FA-AC94-41C7-9ABAB326F09E}
		{55183970-D5C6-4CB9-B6CF-08B070B70B93} = {4F52FD11-658E-A102-6CD3-7D7C16FFA15B}
		{C4256A09-0F16-47CE-A89F-22BAD644442F} = {DAD03CFC-D5FA-AC94-41C7-9ABAB326F09E}
		{DA5362F6-1752-4D04-B24D-A49F86FE1A9D} = {2CB42F12-E813-91B3-7D11-3220E40BEF4A}
	EndGlobalSection
EndGlobal
